Microsoft Visual Studio Solution File, Format Version 12.00
# Visual Studio 15
VisualStudioVersion = 15.0.26430.6
MinimumVisualStudioVersion = 10.0.40219.1
Project("{FAE04EC0-301F-11D3-BF4B-00C04F79EFBC}") = "Levart", "Levart.csproj", "{1B2DA42E-3D3F-4B5B-8474-F48F486451B8}"
EndProject
Project("{FAE04EC0-301F-11D3-BF4B-00C04F79EFBC}") = "Levart.iOS", "iOS\Levart.iOS.csproj", "{509F975D-1FBE-4A84-AB22-5FE99E59DCF7}"
EndProject
Project("{FAE04EC0-301F-11D3-BF4B-00C04F79EFBC}") = "Levart.Droid", "Droid\Levart.Droid.csproj", "{9C12174F-DE3B-4C00-A143-622567E3E1D1}"
EndProject
Project("{FAE04EC0-301F-11D3-BF4B-00C04F79EFBC}") = "Levart.UWP", "..\Levart.UWP\Levart.UWP.csproj", "{BEA0AD98-1556-44D0-AE0B-365CC8821AD0}"
EndProject
Global
	GlobalSection(SolutionConfigurationPlatforms) = preSolution
		Debug|Any CPU = Debug|Any CPU
		Debug|ARM = Debug|ARM
		Debug|iPhone = Debug|iPhone
		Debug|iPhoneSimulator = Debug|iPhoneSimulator
		Debug|x64 = Debug|x64
		Debug|x86 = Debug|x86
		Release|Any CPU = Release|Any CPU
		Release|ARM = Release|ARM
		Release|iPhone = Release|iPhone
		Release|iPhoneSimulator = Release|iPhoneSimulator
		Release|x64 = Release|x64
		Release|x86 = Release|x86
	EndGlobalSection
	GlobalSection(ProjectConfigurationPlatforms) = postSolution
		{1B2DA42E-3D3F-4B5B-8474-F48F486451B8}.Debug|Any CPU.ActiveCfg = Debug|Any CPU
		{1B2DA42E-3D3F-4B5B-8474-F48F486451B8}.Debug|Any CPU.Build.0 = Debug|Any CPU
		{1B2DA42E-3D3F-4B5B-8474-F48F486451B8}.Debug|ARM.ActiveCfg = Debug|Any CPU
		{1B2DA42E-3D3F-4B5B-8474-F48F486451B8}.Debug|ARM.Build.0 = Debug|Any CPU
		{1B2DA42E-3D3F-4B5B-8474-F48F486451B8}.Debug|iPhone.ActiveCfg = Debug|Any CPU
		{1B2DA42E-3D3F-4B5B-8474-F48F486451B8}.Debug|iPhone.Build.0 = Debug|Any CPU
		{1B2DA42E-3D3F-4B5B-8474-F48F486451B8}.Debug|iPhoneSimulator.ActiveCfg = Debug|Any CPU
		{1B2DA42E-3D3F-4B5B-8474-F48F486451B8}.Debug|iPhoneSimulator.Build.0 = Debug|Any CPU
		{1B2DA42E-3D3F-4B5B-8474-F48F486451B8}.Debug|x64.ActiveCfg = Debug|Any CPU
		{1B2DA42E-3D3F-4B5B-8474-F48F486451B8}.Debug|x64.Build.0 = Debug|Any CPU
		{1B2DA42E-3D3F-4B5B-8474-F48F486451B8}.Debug|x86.ActiveCfg = Debug|Any CPU
		{1B2DA42E-3D3F-4B5B-8474-F48F486451B8}.Debug|x86.Build.0 = Debug|Any CPU
		{1B2DA42E-3D3F-4B5B-8474-F48F486451B8}.Release|Any CPU.ActiveCfg = Release|Any CPU
		{1B2DA42E-3D3F-4B5B-8474-F48F486451B8}.Release|Any CPU.Build.0 = Release|Any CPU
		{1B2DA42E-3D3F-4B5B-8474-F48F486451B8}.Release|ARM.ActiveCfg = Release|Any CPU
		{1B2DA42E-3D3F-4B5B-8474-F48F486451B8}.Release|ARM.Build.0 = Release|Any CPU
		{1B2DA42E-3D3F-4B5B-8474-F48F486451B8}.Release|iPhone.ActiveCfg = Release|Any CPU
		{1B2DA42E-3D3F-4B5B-8474-F48F486451B8}.Release|iPhone.Build.0 = Release|Any CPU
		{1B2DA42E-3D3F-4B5B-8474-F48F486451B8}.Release|iPhoneSimulator.ActiveCfg = Release|Any CPU
		{1B2DA42E-3D3F-4B5B-8474-F48F486451B8}.Release|iPhoneSimulator.Build.0 = Release|Any CPU
		{1B2DA42E-3D3F-4B5B-8474-F48F486451B8}.Release|x64.ActiveCfg = Release|Any CPU
		{1B2DA42E-3D3F-4B5B-8474-F48F486451B8}.Release|x64.Build.0 = Release|Any CPU
		{1B2DA42E-3D3F-4B5B-8474-F48F486451B8}.Release|x86.ActiveCfg = Release|Any CPU
		{1B2DA42E-3D3F-4B5B-8474-F48F486451B8}.Release|x86.Build.0 = Release|Any CPU
		{509F975D-1FBE-4A84-AB22-5FE99E59DCF7}.Debug|Any CPU.ActiveCfg = Debug|iPhoneSimulator
		{509F975D-1FBE-4A84-AB22-5FE99E59DCF7}.Debug|Any CPU.Build.0 = Debug|iPhoneSimulator
		{509F975D-1FBE-4A84-AB22-5FE99E59DCF7}.Debug|ARM.ActiveCfg = Debug|iPhone
		{509F975D-1FBE-4A84-AB22-5FE99E59DCF7}.Debug|iPhone.ActiveCfg = Debug|iPhone
		{509F975D-1FBE-4A84-AB22-5FE99E59DCF7}.Debug|iPhone.Build.0 = Debug|iPhone
		{509F975D-1FBE-4A84-AB22-5FE99E59DCF7}.Debug|iPhoneSimulator.ActiveCfg = Debug|iPhoneSimulator
		{509F975D-1FBE-4A84-AB22-5FE99E59DCF7}.Debug|iPhoneSimulator.Build.0 = Debug|iPhoneSimulator
		{509F975D-1FBE-4A84-AB22-5FE99E59DCF7}.Debug|x64.ActiveCfg = Debug|iPhone
		{509F975D-1FBE-4A84-AB22-5FE99E59DCF7}.Debug|x86.ActiveCfg = Debug|iPhone
		{509F975D-1FBE-4A84-AB22-5FE99E59DCF7}.Release|Any CPU.ActiveCfg = Release|iPhone
		{509F975D-1FBE-4A84-AB22-5FE99E59DCF7}.Release|Any CPU.Build.0 = Release|iPhone
		{509F975D-1FBE-4A84-AB22-5FE99E59DCF7}.Release|ARM.ActiveCfg = Release|iPhoneSimulator
		{509F975D-1FBE-4A84-AB22-5FE99E59DCF7}.Release|iPhone.ActiveCfg = Release|iPhone
		{509F975D-1FBE-4A84-AB22-5FE99E59DCF7}.Release|iPhone.Build.0 = Release|iPhone
		{509F975D-1FBE-4A84-AB22-5FE99E59DCF7}.Release|iPhoneSimulator.ActiveCfg = Release|iPhoneSimulator
		{509F975D-1FBE-4A84-AB22-5FE99E59DCF7}.Release|iPhoneSimulator.Build.0 = Release|iPhoneSimulator
		{509F975D-1FBE-4A84-AB22-5FE99E59DCF7}.Release|x64.ActiveCfg = Release|iPhoneSimulator
		{509F975D-1FBE-4A84-AB22-5FE99E59DCF7}.Release|x86.ActiveCfg = Release|iPhoneSimulator
		{9C12174F-DE3B-4C00-A143-622567E3E1D1}.Debug|Any CPU.ActiveCfg = Debug|Any CPU
		{9C12174F-DE3B-4C00-A143-622567E3E1D1}.Debug|Any CPU.Build.0 = Debug|Any CPU
		{9C12174F-DE3B-4C00-A143-622567E3E1D1}.Debug|ARM.ActiveCfg = Debug|Any CPU
		{9C12174F-DE3B-4C00-A143-622567E3E1D1}.Debug|ARM.Build.0 = Debug|Any CPU
		{9C12174F-DE3B-4C00-A143-622567E3E1D1}.Debug|ARM.Deploy.0 = Debug|Any CPU
		{9C12174F-DE3B-4C00-A143-622567E3E1D1}.Debug|iPhone.ActiveCfg = Debug|Any CPU
		{9C12174F-DE3B-4C00-A143-622567E3E1D1}.Debug|iPhone.Build.0 = Debug|Any CPU
		{9C12174F-DE3B-4C00-A143-622567E3E1D1}.Debug|iPhoneSimulator.ActiveCfg = Debug|Any CPU
		{9C12174F-DE3B-4C00-A143-622567E3E1D1}.Debug|iPhoneSimulator.Build.0 = Debug|Any CPU
		{9C12174F-DE3B-4C00-A143-622567E3E1D1}.Debug|x64.ActiveCfg = Debug|Any CPU
		{9C12174F-DE3B-4C00-A143-622567E3E1D1}.Debug|x64.Build.0 = Debug|Any CPU
		{9C12174F-DE3B-4C00-A143-622567E3E1D1}.Debug|x64.Deploy.0 = Debug|Any CPU
		{9C12174F-DE3B-4C00-A143-622567E3E1D1}.Debug|x86.ActiveCfg = Debug|Any CPU
		{9C12174F-DE3B-4C00-A143-622567E3E1D1}.Debug|x86.Build.0 = Debug|Any CPU
		{9C12174F-DE3B-4C00-A143-622567E3E1D1}.Debug|x86.Deploy.0 = Debug|Any CPU
		{9C12174F-DE3B-4C00-A143-622567E3E1D1}.Release|Any CPU.ActiveCfg = Release|Any CPU
		{9C12174F-DE3B-4C00-A143-622567E3E1D1}.Release|Any CPU.Build.0 = Release|Any CPU
		{9C12174F-DE3B-4C00-A143-622567E3E1D1}.Release|ARM.ActiveCfg = Release|Any CPU
		{9C12174F-DE3B-4C00-A143-622567E3E1D1}.Release|ARM.Build.0 = Release|Any CPU
		{9C12174F-DE3B-4C00-A143-622567E3E1D1}.Release|ARM.Deploy.0 = Release|Any CPU
		{9C12174F-DE3B-4C00-A143-622567E3E1D1}.Release|iPhone.ActiveCfg = Release|Any CPU
		{9C12174F-DE3B-4C00-A143-622567E3E1D1}.Release|iPhone.Build.0 = Release|Any CPU
		{9C12174F-DE3B-4C00-A143-622567E3E1D1}.Release|iPhoneSimulator.ActiveCfg = Release|Any CPU
		{9C12174F-DE3B-4C00-A143-622567E3E1D1}.Release|iPhoneSimulator.Build.0 = Release|Any CPU
		{9C12174F-DE3B-4C00-A143-622567E3E1D1}.Release|x64.ActiveCfg = Release|Any CPU
		{9C12174F-DE3B-4C00-A143-622567E3E1D1}.Release|x64.Build.0 = Release|Any CPU
		{9C12174F-DE3B-4C00-A143-622567E3E1D1}.Release|x64.Deploy.0 = Release|Any CPU
		{9C12174F-DE3B-4C00-A143-622567E3E1D1}.Release|x86.ActiveCfg = Release|Any CPU
		{9C12174F-DE3B-4C00-A143-622567E3E1D1}.Release|x86.Build.0 = Release|Any CPU
		{9C12174F-DE3B-4C00-A143-622567E3E1D1}.Release|x86.Deploy.0 = Release|Any CPU
		{BEA0AD98-1556-44D0-AE0B-365CC8821AD0}.Debug|Any CPU.ActiveCfg = Debug|x86
		{BEA0AD98-1556-44D0-AE0B-365CC8821AD0}.Debug|ARM.ActiveCfg = Debug|ARM
		{BEA0AD98-1556-44D0-AE0B-365CC8821AD0}.Debug|ARM.Build.0 = Debug|ARM
		{BEA0AD98-1556-44D0-AE0B-365CC8821AD0}.Debug|ARM.Deploy.0 = Debug|ARM
		{BEA0AD98-1556-44D0-AE0B-365CC8821AD0}.Debug|iPhone.ActiveCfg = Debug|x86
		{BEA0AD98-1556-44D0-AE0B-365CC8821AD0}.Debug|iPhoneSimulator.ActiveCfg = Debug|x86
		{BEA0AD98-1556-44D0-AE0B-365CC8821AD0}.Debug|x64.ActiveCfg = Debug|x64
		{BEA0AD98-1556-44D0-AE0B-365CC8821AD0}.Debug|x64.Build.0 = Debug|x64
		{BEA0AD98-1556-44D0-AE0B-365CC8821AD0}.Debug|x64.Deploy.0 = Debug|x64
		{BEA0AD98-1556-44D0-AE0B-365CC8821AD0}.Debug|x86.ActiveCfg = Debug|x86
		{BEA0AD98-1556-44D0-AE0B-365CC8821AD0}.Debug|x86.Build.0 = Debug|x86
		{BEA0AD98-1556-44D0-AE0B-365CC8821AD0}.Debug|x86.Deploy.0 = Debug|x86
		{BEA0AD98-1556-44D0-AE0B-365CC8821AD0}.Release|Any CPU.ActiveCfg = Release|x86
		{BEA0AD98-1556-44D0-AE0B-365CC8821AD0}.Release|ARM.ActiveCfg = Release|ARM
		{BEA0AD98-1556-44D0-AE0B-365CC8821AD0}.Release|ARM.Build.0 = Release|ARM
		{BEA0AD98-1556-44D0-AE0B-365CC8821AD0}.Release|ARM.Deploy.0 = Release|ARM
		{BEA0AD98-1556-44D0-AE0B-365CC8821AD0}.Release|iPhone.ActiveCfg = Release|x86
		{BEA0AD98-1556-44D0-AE0B-365CC8821AD0}.Release|iPhoneSimulator.ActiveCfg = Release|x86
		{BEA0AD98-1556-44D0-AE0B-365CC8821AD0}.Release|x64.ActiveCfg = Release|x64
		{BEA0AD98-1556-44D0-AE0B-365CC8821AD0}.Release|x64.Build.0 = Release|x64
		{BEA0AD98-1556-44D0-AE0B-365CC8821AD0}.Release|x64.Deploy.0 = Release|x64
		{BEA0AD98-1556-44D0-AE0B-365CC8821AD0}.Release|x86.ActiveCfg = Release|x86
		{BEA0AD98-1556-44D0-AE0B-365CC8821AD0}.Release|x86.Build.0 = Release|x86
		{BEA0AD98-1556-44D0-AE0B-365CC8821AD0}.Release|x86.Deploy.0 = Release|x86
	EndGlobalSection
	GlobalSection(SolutionProperties) = preSolution
		HideSolutionNode = FALSE
	EndGlobalSection
EndGlobal
