
Microsoft Visual Studio Solution File, Format Version 12.00
# Visual Studio 2012
Project("{FAE04EC0-301F-11D3-BF4B-00C04F79EFBC}") = "TRVEL", "TRVEL.csproj", "{FC5E0C46-0EF3-44D9-99A5-2F668F2AF7C9}"
EndProject
Project("{FAE04EC0-301F-11D3-BF4B-00C04F79EFBC}") = "TRVEL.iOS", "iOS\TRVEL.iOS.csproj", "{C94AAE61-88B7-4EA1-AADB-667E57C76CFA}"
EndProject
Project("{FAE04EC0-301F-11D3-BF4B-00C04F79EFBC}") = "TRVEL.Droid", "Droid\TRVEL.Droid.csproj", "{750CAC65-6AA9-49B0-BCC0-2A970F235DAB}"
EndProject
Global
	GlobalSection(SolutionConfigurationPlatforms) = preSolution
		Debug|Any CPU = Debug|Any CPU
		Release|Any CPU = Release|Any CPU
		Debug|iPhoneSimulator = Debug|iPhoneSimulator
		Release|iPhone = Release|iPhone
		Release|iPhoneSimulator = Release|iPhoneSimulator
		Debug|iPhone = Debug|iPhone
	EndGlobalSection
	GlobalSection(ProjectConfigurationPlatforms) = postSolution
		{FC5E0C46-0EF3-44D9-99A5-2F668F2AF7C9}.Debug|Any CPU.ActiveCfg = Debug|Any CPU
		{FC5E0C46-0EF3-44D9-99A5-2F668F2AF7C9}.Debug|Any CPU.Build.0 = Debug|Any CPU
		{FC5E0C46-0EF3-44D9-99A5-2F668F2AF7C9}.Release|Any CPU.ActiveCfg = Release|Any CPU
		{FC5E0C46-0EF3-44D9-99A5-2F668F2AF7C9}.Release|Any CPU.Build.0 = Release|Any CPU
		{FC5E0C46-0EF3-44D9-99A5-2F668F2AF7C9}.Debug|iPhoneSimulator.ActiveCfg = Debug|Any CPU
		{FC5E0C46-0EF3-44D9-99A5-2F668F2AF7C9}.Debug|iPhoneSimulator.Build.0 = Debug|Any CPU
		{FC5E0C46-0EF3-44D9-99A5-2F668F2AF7C9}.Release|iPhone.ActiveCfg = Release|Any CPU
		{FC5E0C46-0EF3-44D9-99A5-2F668F2AF7C9}.Release|iPhone.Build.0 = Release|Any CPU
		{FC5E0C46-0EF3-44D9-99A5-2F668F2AF7C9}.Release|iPhoneSimulator.ActiveCfg = Release|Any CPU
		{FC5E0C46-0EF3-44D9-99A5-2F668F2AF7C9}.Release|iPhoneSimulator.Build.0 = Release|Any CPU
		{FC5E0C46-0EF3-44D9-99A5-2F668F2AF7C9}.Debug|iPhone.ActiveCfg = Debug|Any CPU
		{FC5E0C46-0EF3-44D9-99A5-2F668F2AF7C9}.Debug|iPhone.Build.0 = Debug|Any CPU
		{C94AAE61-88B7-4EA1-AADB-667E57C76CFA}.Debug|Any CPU.ActiveCfg = Debug|iPhoneSimulator
		{C94AAE61-88B7-4EA1-AADB-667E57C76CFA}.Debug|Any CPU.Build.0 = Debug|iPhoneSimulator
		{C94AAE61-88B7-4EA1-AADB-667E57C76CFA}.Release|Any CPU.ActiveCfg = Release|iPhone
		{C94AAE61-88B7-4EA1-AADB-667E57C76CFA}.Release|Any CPU.Build.0 = Release|iPhone
		{C94AAE61-88B7-4EA1-AADB-667E57C76CFA}.Debug|iPhoneSimulator.ActiveCfg = Debug|iPhoneSimulator
		{C94AAE61-88B7-4EA1-AADB-667E57C76CFA}.Debug|iPhoneSimulator.Build.0 = Debug|iPhoneSimulator
		{C94AAE61-88B7-4EA1-AADB-667E57C76CFA}.Release|iPhone.ActiveCfg = Release|iPhone
		{C94AAE61-88B7-4EA1-AADB-667E57C76CFA}.Release|iPhone.Build.0 = Release|iPhone
		{C94AAE61-88B7-4EA1-AADB-667E57C76CFA}.Release|iPhoneSimulator.ActiveCfg = Release|iPhoneSimulator
		{C94AAE61-88B7-4EA1-AADB-667E57C76CFA}.Release|iPhoneSimulator.Build.0 = Release|iPhoneSimulator
		{C94AAE61-88B7-4EA1-AADB-667E57C76CFA}.Debug|iPhone.ActiveCfg = Debug|iPhone
		{C94AAE61-88B7-4EA1-AADB-667E57C76CFA}.Debug|iPhone.Build.0 = Debug|iPhone
		{750CAC65-6AA9-49B0-BCC0-2A970F235DAB}.Debug|Any CPU.ActiveCfg = Debug|Any CPU
		{750CAC65-6AA9-49B0-BCC0-2A970F235DAB}.Debug|Any CPU.Build.0 = Debug|Any CPU
		{750CAC65-6AA9-49B0-BCC0-2A970F235DAB}.Release|Any CPU.ActiveCfg = Release|Any CPU
		{750CAC65-6AA9-49B0-BCC0-2A970F235DAB}.Release|Any CPU.Build.0 = Release|Any CPU
		{750CAC65-6AA9-49B0-BCC0-2A970F235DAB}.Debug|iPhoneSimulator.ActiveCfg = Debug|Any CPU
		{750CAC65-6AA9-49B0-BCC0-2A970F235DAB}.Debug|iPhoneSimulator.Build.0 = Debug|Any CPU
		{750CAC65-6AA9-49B0-BCC0-2A970F235DAB}.Release|iPhone.ActiveCfg = Release|Any CPU
		{750CAC65-6AA9-49B0-BCC0-2A970F235DAB}.Release|iPhone.Build.0 = Release|Any CPU
		{750CAC65-6AA9-49B0-BCC0-2A970F235DAB}.Release|iPhoneSimulator.ActiveCfg = Release|Any CPU
		{750CAC65-6AA9-49B0-BCC0-2A970F235DAB}.Release|iPhoneSimulator.Build.0 = Release|Any CPU
		{750CAC65-6AA9-49B0-BCC0-2A970F235DAB}.Debug|iPhone.ActiveCfg = Debug|Any CPU
		{750CAC65-6AA9-49B0-BCC0-2A970F235DAB}.Debug|iPhone.Build.0 = Debug|Any CPU
	EndGlobalSection
EndGlobal
